
Microsoft Visual Studio Solution File, Format Version 12.00
# Visual Studio Version 16
VisualStudioVersion = 16.0.32929.386
MinimumVisualStudioVersion = 10.0.40219.1
Project("{FAE04EC0-301F-11D3-BF4B-00C04F79EFBC}") = "DeD_InfoServices", "DeD_InfoServices.csproj", "{07F48451-6849-42C5-9F16-E4A8DDFF36C1}"
EndProject
Global
	GlobalSection(SolutionConfigurationPlatforms) = preSolution
		Debug|Any CPU = Debug|Any CPU
		Release|Any CPU = Release|Any CPU
	EndGlobalSection
	GlobalSection(ProjectConfigurationPlatforms) = postSolution
		{07F48451-6849-42C5-9F16-E4A8DDFF36C1}.Debug|Any CPU.ActiveCfg = Debug|Any CPU
		{07F48451-6849-42C5-9F16-E4A8DDFF36C1}.Debug|Any CPU.Build.0 = Debug|Any CPU
		{07F48451-6849-42C5-9F16-E4A8DDFF36C1}.Release|Any CPU.ActiveCfg = Release|Any CPU
		{07F48451-6849-42C5-9F16-E4A8DDFF36C1}.Release|Any CPU.Build.0 = Release|Any CPU
	EndGlobalSection
	GlobalSection(SolutionProperties) = preSolution
		HideSolutionNode = FALSE
	EndGlobalSection
	GlobalSection(ExtensibilityGlobals) = postSolution
		SolutionGuid = {2E304B60-E35E-4E37-ADCA-CD1D2A764268}
	EndGlobalSection
EndGlobal
